
Microsoft Visual Studio Solution File, Format Version 12.00
# Visual Studio Version 16
VisualStudioVersion = 16.0.30114.105
MinimumVisualStudioVersion = 10.0.40219.1
Project("{FAE04EC0-301F-11D3-BF4B-00C04F79EFBC}") = "MySqlProxyServer", "MySqlProxyServer\MySqlProxyServer.csproj", "{2BFA9732-C0A5-47BF-A665-5853F45654B6}"
EndProject
Project("{FAE04EC0-301F-11D3-BF4B-00C04F79EFBC}") = "MySqlProxyServer.Tests", "MySqlProxyServer.Tests\MySqlProxyServer.Tests.csproj", "{77A91304-9CE1-465E-9F50-B5DC36E977B6}"
EndProject
Global
	GlobalSection(SolutionConfigurationPlatforms) = preSolution
		Debug|Any CPU = Debug|Any CPU
		Release|Any CPU = Release|Any CPU
	EndGlobalSection
	GlobalSection(SolutionProperties) = preSolution
		HideSolutionNode = FALSE
	EndGlobalSection
	GlobalSection(ProjectConfigurationPlatforms) = postSolution
		{2BFA9732-C0A5-47BF-A665-5853F45654B6}.Debug|Any CPU.ActiveCfg = Debug|Any CPU
		{2BFA9732-C0A5-47BF-A665-5853F45654B6}.Debug|Any CPU.Build.0 = Debug|Any CPU
		{2BFA9732-C0A5-47BF-A665-5853F45654B6}.Release|Any CPU.ActiveCfg = Release|Any CPU
		{2BFA9732-C0A5-47BF-A665-5853F45654B6}.Release|Any CPU.Build.0 = Release|Any CPU
		{77A91304-9CE1-465E-9F50-B5DC36E977B6}.Debug|Any CPU.ActiveCfg = Debug|Any CPU
		{77A91304-9CE1-465E-9F50-B5DC36E977B6}.Debug|Any CPU.Build.0 = Debug|Any CPU
		{77A91304-9CE1-465E-9F50-B5DC36E977B6}.Release|Any CPU.ActiveCfg = Release|Any CPU
		{77A91304-9CE1-465E-9F50-B5DC36E977B6}.Release|Any CPU.Build.0 = Release|Any CPU
	EndGlobalSection
EndGlobal
